
Microsoft Visual Studio Solution File, Format Version 12.00
# Visual Studio Version 16
VisualStudioVersion = 16.0.32510.428
MinimumVisualStudioVersion = 10.0.40219.1
Project("{8BC9CEB8-8B4A-11D0-8D11-00A0C91BC942}") = "application", "application.vcxproj", "{D13D2719-21FC-4DCA-839F-F88864DE072A}"
EndProject
Project("{8BC9CEB8-8B4A-11D0-8D11-00A0C91BC942}") = "networking", "..\networking\networking.vcxproj", "{FECC829C-F0C3-43C7-885B-816E6676206B}"
EndProject
Global
	GlobalSection(SolutionConfigurationPlatforms) = preSolution
		Debug|x64 = Debug|x64
		Debug|x86 = Debug|x86
		Release|x64 = Release|x64
		Release|x86 = Release|x86
	EndGlobalSection
	GlobalSection(ProjectConfigurationPlatforms) = postSolution
		{D13D2719-21FC-4DCA-839F-F88864DE072A}.Debug|x64.ActiveCfg = Debug|x64
		{D13D2719-21FC-4DCA-839F-F88864DE072A}.Debug|x64.Build.0 = Debug|x64
		{D13D2719-21FC-4DCA-839F-F88864DE072A}.Debug|x86.ActiveCfg = Debug|Win32
		{D13D2719-21FC-4DCA-839F-F88864DE072A}.Debug|x86.Build.0 = Debug|Win32
		{D13D2719-21FC-4DCA-839F-F88864DE072A}.Release|x64.ActiveCfg = Release|x64
		{D13D2719-21FC-4DCA-839F-F88864DE072A}.Release|x64.Build.0 = Release|x64
		{D13D2719-21FC-4DCA-839F-F88864DE072A}.Release|x86.ActiveCfg = Release|Win32
		{D13D2719-21FC-4DCA-839F-F88864DE072A}.Release|x86.Build.0 = Release|Win32
		{FECC829C-F0C3-43C7-885B-816E6676206B}.Debug|x64.ActiveCfg = Debug|x64
		{FECC829C-F0C3-43C7-885B-816E6676206B}.Debug|x64.Build.0 = Debug|x64
		{FECC829C-F0C3-43C7-885B-816E6676206B}.Debug|x86.ActiveCfg = Debug|Win32
		{FECC829C-F0C3-43C7-885B-816E6676206B}.Debug|x86.Build.0 = Debug|Win32
		{FECC829C-F0C3-43C7-885B-816E6676206B}.Release|x64.ActiveCfg = Release|x64
		{FECC829C-F0C3-43C7-885B-816E6676206B}.Release|x64.Build.0 = Release|x64
		{FECC829C-F0C3-43C7-885B-816E6676206B}.Release|x86.ActiveCfg = Release|Win32
		{FECC829C-F0C3-43C7-885B-816E6676206B}.Release|x86.Build.0 = Release|Win32
	EndGlobalSection
	GlobalSection(SolutionProperties) = preSolution
		HideSolutionNode = FALSE
	EndGlobalSection
	GlobalSection(ExtensibilityGlobals) = postSolution
		SolutionGuid = {A62CADDB-6D03-42A6-A5C3-CBB9BBAB807C}
	EndGlobalSection
EndGlobal
